
Microsoft Visual Studio Solution File, Format Version 12.00
# Visual Studio Version 17
VisualStudioVersion = 17.0.31903.59
MinimumVisualStudioVersion = 10.0.40219.1
Project("{2150E333-8FDC-42A3-9474-1A3956D46DE8}") = "test", "test", "{C68C94DF-A196-4500-8BE4-3D1A912B9CCC}"
EndProject
Project("{FAE04EC0-301F-11D3-BF4B-00C04F79EFBC}") = "Workshop.Csharp.Lasagna.Specs", "test\Workshop.Csharp.Lasagna.Specs\Workshop.Csharp.Lasagna.Specs.csproj", "{255CFF94-9DE2-4E1F-AB59-D9710B8CE474}"
EndProject
Project("{2150E333-8FDC-42A3-9474-1A3956D46DE8}") = "src", "src", "{F9FCBFFC-5AAF-4E48-8C9D-28428C5D2343}"
EndProject
Project("{FAE04EC0-301F-11D3-BF4B-00C04F79EFBC}") = "Workshop.Csharp.Lasagna.WebApi", "src\Workshop.Csharp.Lasagna.WebApi\Workshop.Csharp.Lasagna.WebApi.csproj", "{DCB3BBF2-48B4-425B-8356-3F81B25A5673}"
EndProject
Global
	GlobalSection(SolutionConfigurationPlatforms) = preSolution
		Debug|Any CPU = Debug|Any CPU
		Release|Any CPU = Release|Any CPU
	EndGlobalSection
	GlobalSection(SolutionProperties) = preSolution
		HideSolutionNode = FALSE
	EndGlobalSection
	GlobalSection(ProjectConfigurationPlatforms) = postSolution
		{255CFF94-9DE2-4E1F-AB59-D9710B8CE474}.Debug|Any CPU.ActiveCfg = Debug|Any CPU
		{255CFF94-9DE2-4E1F-AB59-D9710B8CE474}.Debug|Any CPU.Build.0 = Debug|Any CPU
		{255CFF94-9DE2-4E1F-AB59-D9710B8CE474}.Release|Any CPU.ActiveCfg = Release|Any CPU
		{255CFF94-9DE2-4E1F-AB59-D9710B8CE474}.Release|Any CPU.Build.0 = Release|Any CPU
		{DCB3BBF2-48B4-425B-8356-3F81B25A5673}.Debug|Any CPU.ActiveCfg = Debug|Any CPU
		{DCB3BBF2-48B4-425B-8356-3F81B25A5673}.Debug|Any CPU.Build.0 = Debug|Any CPU
		{DCB3BBF2-48B4-425B-8356-3F81B25A5673}.Release|Any CPU.ActiveCfg = Release|Any CPU
		{DCB3BBF2-48B4-425B-8356-3F81B25A5673}.Release|Any CPU.Build.0 = Release|Any CPU
	EndGlobalSection
	GlobalSection(NestedProjects) = preSolution
		{255CFF94-9DE2-4E1F-AB59-D9710B8CE474} = {C68C94DF-A196-4500-8BE4-3D1A912B9CCC}
		{DCB3BBF2-48B4-425B-8356-3F81B25A5673} = {F9FCBFFC-5AAF-4E48-8C9D-28428C5D2343}
	EndGlobalSection
EndGlobal
